
Microsoft Visual Studio Solution File, Format Version 12.00
# Visual Studio Version 16
VisualStudioVersion = 16.0.31727.386
MinimumVisualStudioVersion = 10.0.40219.1
Project("{8BC9CEB8-8B4A-11D0-8D11-00A0C91BC942}") = "BFN1-Zabawne Dodawanie Piotrusia", "BFN1-Zabawne Dodawanie Piotrusia.vcxproj", "{BA0E7BC6-E9BE-4C58-A9A8-EF5005CA278F}"
EndProject
Global
	GlobalSection(SolutionConfigurationPlatforms) = preSolution
		Debug|x64 = Debug|x64
		Debug|x86 = Debug|x86
		Release|x64 = Release|x64
		Release|x86 = Release|x86
	EndGlobalSection
	GlobalSection(ProjectConfigurationPlatforms) = postSolution
		{BA0E7BC6-E9BE-4C58-A9A8-EF5005CA278F}.Debug|x64.ActiveCfg = Debug|x64
		{BA0E7BC6-E9BE-4C58-A9A8-EF5005CA278F}.Debug|x64.Build.0 = Debug|x64
		{BA0E7BC6-E9BE-4C58-A9A8-EF5005CA278F}.Debug|x86.ActiveCfg = Debug|Win32
		{BA0E7BC6-E9BE-4C58-A9A8-EF5005CA278F}.Debug|x86.Build.0 = Debug|Win32
		{BA0E7BC6-E9BE-4C58-A9A8-EF5005CA278F}.Release|x64.ActiveCfg = Release|x64
		{BA0E7BC6-E9BE-4C58-A9A8-EF5005CA278F}.Release|x64.Build.0 = Release|x64
		{BA0E7BC6-E9BE-4C58-A9A8-EF5005CA278F}.Release|x86.ActiveCfg = Release|Win32
		{BA0E7BC6-E9BE-4C58-A9A8-EF5005CA278F}.Release|x86.Build.0 = Release|Win32
	EndGlobalSection
	GlobalSection(SolutionProperties) = preSolution
		HideSolutionNode = FALSE
	EndGlobalSection
	GlobalSection(ExtensibilityGlobals) = postSolution
		SolutionGuid = {5A5E8F70-423C-47BD-834E-8749340C682C}
	EndGlobalSection
EndGlobal
